// !$*UTF8*$!
{
	archiveVersion = 1;
	classes = {
	};
	objectVersion = 46;
	objects = {

/* Begin PBXBuildFile section */
		A539F7761B19CED300630F15 /* Default-568h@2x.png in Resources */ = {isa = PBXBuildFile; fileRef = A539F7741B19CED300630F15 /* Default-568h@2x.png */; };
		A539F7771B19CED300630F15 /* Default@2x.png in Resources */ = {isa = PBXBuildFile; fileRef = A539F7751B19CED300630F15 /* Default@2x.png */; };
		A545FB2E1B188A7F0095F9EE /* ViewController.xib in Resources */ = {isa = PBXBuildFile; fileRef = A545FB2D1B188A7F0095F9EE /* ViewController.xib */; };
		A545FB361B188F300095F9EE /* JoystickController.m in Sources */ = {isa = PBXBuildFile; fileRef = A545FB351B188F300095F9EE /* JoystickController.m */; };
		A545FB391B188F7A0095F9EE /* JoystickView.m in Sources */ = {isa = PBXBuildFile; fileRef = A545FB381B188F7A0095F9EE /* JoystickView.m */; };
		A545FB3C1B1896E20095F9EE /* joystick_seat.png in Resources */ = {isa = PBXBuildFile; fileRef = A545FB3A1B1896E20095F9EE /* joystick_seat.png */; };
		A545FB3F1B1897AD0095F9EE /* joystick_stick.png in Resources */ = {isa = PBXBuildFile; fileRef = A545FB3E1B1897AD0095F9EE /* joystick_stick.png */; };
		A55BFABF1B186E350011296F /* main.m in Sources */ = {isa = PBXBuildFile; fileRef = A55BFABE1B186E350011296F /* main.m */; };
		A55BFAC21B186E350011296F /* AppDelegate.m in Sources */ = {isa = PBXBuildFile; fileRef = A55BFAC11B186E350011296F /* AppDelegate.m */; };
		A55BFAC51B186E350011296F /* ViewController.m in Sources */ = {isa = PBXBuildFile; fileRef = A55BFAC41B186E350011296F /* ViewController.m */; };
		A55BFACA1B186E350011296F /* Images.xcassets in Resources */ = {isa = PBXBuildFile; fileRef = A55BFAC91B186E350011296F /* Images.xcassets */; };
		A5726CA21B1C5C8A00550DAF /* backMetalPerfored@2x.png in Resources */ = {isa = PBXBuildFile; fileRef = A5726CA11B1C5C8A00550DAF /* backMetalPerfored@2x.png */; };
		A5726CA41B1C5EDA00550DAF /* backGrayAbstract@2x.png in Resources */ = {isa = PBXBuildFile; fileRef = A5726CA31B1C5EDA00550DAF /* backGrayAbstract@2x.png */; };
		A5726CA61B1C6ABA00550DAF /* settingsButton@2x.png in Resources */ = {isa = PBXBuildFile; fileRef = A5726CA51B1C6ABA00550DAF /* settingsButton@2x.png */; };
		A5726CA91B1C707C00550DAF /* DirectControlViewController.m in Sources */ = {isa = PBXBuildFile; fileRef = A5726CA81B1C707C00550DAF /* DirectControlViewController.m */; };
		A5726CAB1B1C75E500550DAF /* closeButton@2x.png in Resources */ = {isa = PBXBuildFile; fileRef = A5726CAA1B1C75E500550DAF /* closeButton@2x.png */; };
		A57B45311B1A1C9E00F461EE /* PowerButton.m in Sources */ = {isa = PBXBuildFile; fileRef = A57B45301B1A1C9E00F461EE /* PowerButton.m */; };
		A57B45341B1A1CB100F461EE /* power_button_off.png in Resources */ = {isa = PBXBuildFile; fileRef = A57B45321B1A1CB100F461EE /* power_button_off.png */; };
		A57B45351B1A1CB100F461EE /* power_button_on.png in Resources */ = {isa = PBXBuildFile; fileRef = A57B45331B1A1CB100F461EE /* power_button_on.png */; };
		A57B45381B1A2B4500F461EE /* RobotCommander.m in Sources */ = {isa = PBXBuildFile; fileRef = A57B45371B1A2B4500F461EE /* RobotCommander.m */; };
/* End PBXBuildFile section */

/* Begin PBXFileReference section */
		A539F7741B19CED300630F15 /* Default-568h@2x.png */ = {isa = PBXFileReference; lastKnownFileType = image.png; path = "Default-568h@2x.png"; sourceTree = "<group>"; };
		A539F7751B19CED300630F15 /* Default@2x.png */ = {isa = PBXFileReference; lastKnownFileType = image.png; path = "Default@2x.png"; sourceTree = "<group>"; };
		A545FB2D1B188A7F0095F9EE /* ViewController.xib */ = {isa = PBXFileReference; fileEncoding = 4; lastKnownFileType = file.xib; path = ViewController.xib; sourceTree = "<group>"; };
		A545FB341B188F300095F9EE /* JoystickController.h */ = {isa = PBXFileReference; fileEncoding = 4; lastKnownFileType = sourcecode.c.h; path = JoystickController.h; sourceTree = "<group>"; };
		A545FB351B188F300095F9EE /* JoystickController.m */ = {isa = PBXFileReference; fileEncoding = 4; lastKnownFileType = sourcecode.c.objc; path = JoystickController.m; sourceTree = "<group>"; };
		A545FB371B188F7A0095F9EE /* JoystickView.h */ = {isa = PBXFileReference; fileEncoding = 4; lastKnownFileType = sourcecode.c.h; path = JoystickView.h; sourceTree = "<group>"; };
		A545FB381B188F7A0095F9EE /* JoystickView.m */ = {isa = PBXFileReference; fileEncoding = 4; lastKnownFileType = sourcecode.c.objc; path = JoystickView.m; sourceTree = "<group>"; };
		A545FB3A1B1896E20095F9EE /* joystick_seat.png */ = {isa = PBXFileReference; lastKnownFileType = image.png; path = joystick_seat.png; sourceTree = "<group>"; };
		A545FB3E1B1897AD0095F9EE /* joystick_stick.png */ = {isa = PBXFileReference; lastKnownFileType = image.png; path = joystick_stick.png; sourceTree = "<group>"; };
		A55BFAB91B186E350011296F /* RobotController.app */ = {isa = PBXFileReference; explicitFileType = wrapper.application; includeInIndex = 0; path = RobotController.app; sourceTree = BUILT_PRODUCTS_DIR; };
		A55BFABD1B186E350011296F /* Info.plist */ = {isa = PBXFileReference; lastKnownFileType = text.plist.xml; path = Info.plist; sourceTree = "<group>"; };
		A55BFABE1B186E350011296F /* main.m */ = {isa = PBXFileReference; lastKnownFileType = sourcecode.c.objc; path = main.m; sourceTree = "<group>"; };
		A55BFAC01B186E350011296F /* AppDelegate.h */ = {isa = PBXFileReference; lastKnownFileType = sourcecode.c.h; path = AppDelegate.h; sourceTree = "<group>"; };
		A55BFAC11B186E350011296F /* AppDelegate.m */ = {isa = PBXFileReference; lastKnownFileType = sourcecode.c.objc; path = AppDelegate.m; sourceTree = "<group>"; };
		A55BFAC31B186E350011296F /* ViewController.h */ = {isa = PBXFileReference; lastKnownFileType = sourcecode.c.h; path = ViewController.h; sourceTree = "<group>"; };
		A55BFAC41B186E350011296F /* ViewController.m */ = {isa = PBXFileReference; lastKnownFileType = sourcecode.c.objc; path = ViewController.m; sourceTree = "<group>"; };
		A55BFAC91B186E350011296F /* Images.xcassets */ = {isa = PBXFileReference; lastKnownFileType = folder.assetcatalog; path = Images.xcassets; sourceTree = "<group>"; };
		A55BFAD71B186E360011296F /* Info.plist */ = {isa = PBXFileReference; lastKnownFileType = text.plist.xml; path = Info.plist; sourceTree = "<group>"; };
		A55BFAD81B186E360011296F /* RobotControllerTests.m */ = {isa = PBXFileReference; lastKnownFileType = sourcecode.c.objc; path = RobotControllerTests.m; sourceTree = "<group>"; };
		A5726CA11B1C5C8A00550DAF /* backMetalPerfored@2x.png */ = {isa = PBXFileReference; lastKnownFileType = image.png; path = "backMetalPerfored@2x.png"; sourceTree = "<group>"; };
		A5726CA31B1C5EDA00550DAF /* backGrayAbstract@2x.png */ = {isa = PBXFileReference; lastKnownFileType = image.png; path = "backGrayAbstract@2x.png"; sourceTree = "<group>"; };
		A5726CA51B1C6ABA00550DAF /* settingsButton@2x.png */ = {isa = PBXFileReference; lastKnownFileType = image.png; path = "settingsButton@2x.png"; sourceTree = "<group>"; };
		A5726CA71B1C707C00550DAF /* DirectControlViewController.h */ = {isa = PBXFileReference; fileEncoding = 4; lastKnownFileType = sourcecode.c.h; path = DirectControlViewController.h; sourceTree = "<group>"; };
		A5726CA81B1C707C00550DAF /* DirectControlViewController.m */ = {isa = PBXFileReference; fileEncoding = 4; lastKnownFileType = sourcecode.c.objc; path = DirectControlViewController.m; sourceTree = "<group>"; };
		A5726CAA1B1C75E500550DAF /* closeButton@2x.png */ = {isa = PBXFileReference; lastKnownFileType = image.png; path = "closeButton@2x.png"; sourceTree = "<group>"; };
		A57B452F1B1A1C9E00F461EE /* PowerButton.h */ = {isa = PBXFileReference; fileEncoding = 4; lastKnownFileType = sourcecode.c.h; path = PowerButton.h; sourceTree = "<group>"; };
		A57B45301B1A1C9E00F461EE /* PowerButton.m */ = {isa = PBXFileReference; fileEncoding = 4; lastKnownFileType = sourcecode.c.objc; path = PowerButton.m; sourceTree = "<group>"; };
		A57B45321B1A1CB100F461EE /* power_button_off.png */ = {isa = PBXFileReference; lastKnownFileType = image.png; path = power_button_off.png; sourceTree = "<group>"; };
		A57B45331B1A1CB100F461EE /* power_button_on.png */ = {isa = PBXFileReference; lastKnownFileType = image.png; path = power_button_on.png; sourceTree = "<group>"; };
		A57B45361B1A2B4500F461EE /* RobotCommander.h */ = {isa = PBXFileReference; fileEncoding = 4; lastKnownFileType = sourcecode.c.h; path = RobotCommander.h; sourceTree = "<group>"; };
		A57B45371B1A2B4500F461EE /* RobotCommander.m */ = {isa = PBXFileReference; fileEncoding = 4; lastKnownFileType = sourcecode.c.objc; path = RobotCommander.m; sourceTree = "<group>"; };
/* End PBXFileReference section */

/* Begin PBXFrameworksBuildPhase section */
		A55BFAB61B186E350011296F /* Frameworks */ = {
			isa = PBXFrameworksBuildPhase;
			buildActionMask = 2147483647;
			files = (
			);
			runOnlyForDeploymentPostprocessing = 0;
		};
/* End PBXFrameworksBuildPhase section */

/* Begin PBXGroup section */
		A539F7731B19CED300630F15 /* Resources */ = {
			isa = PBXGroup;
			children = (
				A5726CAA1B1C75E500550DAF /* closeButton@2x.png */,
				A5726CA51B1C6ABA00550DAF /* settingsButton@2x.png */,
				A5726CA31B1C5EDA00550DAF /* backGrayAbstract@2x.png */,
				A5726CA11B1C5C8A00550DAF /* backMetalPerfored@2x.png */,
				A539F7741B19CED300630F15 /* Default-568h@2x.png */,
				A539F7751B19CED300630F15 /* Default@2x.png */,
			);
			path = Resources;
			sourceTree = "<group>";
		};
		A545FB331B188ED70095F9EE /* UI */ = {
			isa = PBXGroup;
			children = (
				A57B45321B1A1CB100F461EE /* power_button_off.png */,
				A57B45331B1A1CB100F461EE /* power_button_on.png */,
				A545FB3A1B1896E20095F9EE /* joystick_seat.png */,
				A545FB3E1B1897AD0095F9EE /* joystick_stick.png */,
				A545FB341B188F300095F9EE /* JoystickController.h */,
				A545FB351B188F300095F9EE /* JoystickController.m */,
				A545FB371B188F7A0095F9EE /* JoystickView.h */,
				A545FB381B188F7A0095F9EE /* JoystickView.m */,
				A57B452F1B1A1C9E00F461EE /* PowerButton.h */,
				A57B45301B1A1C9E00F461EE /* PowerButton.m */,
			);
			path = UI;
			sourceTree = "<group>";
		};
		A55BFAB01B186E350011296F = {
			isa = PBXGroup;
			children = (
				A55BFABB1B186E350011296F /* RobotController */,
				A55BFAD51B186E360011296F /* RobotControllerTests */,
				A55BFABA1B186E350011296F /* Products */,
			);
			sourceTree = "<group>";
		};
		A55BFABA1B186E350011296F /* Products */ = {
			isa = PBXGroup;
			children = (
				A55BFAB91B186E350011296F /* RobotController.app */,
			);
			name = Products;
			sourceTree = "<group>";
		};
		A55BFABB1B186E350011296F /* RobotController */ = {
			isa = PBXGroup;
			children = (
				A545FB331B188ED70095F9EE /* UI */,
				A55BFAC01B186E350011296F /* AppDelegate.h */,
				A55BFAC11B186E350011296F /* AppDelegate.m */,
				A55BFAC31B186E350011296F /* ViewController.h */,
				A55BFAC41B186E350011296F /* ViewController.m */,
				A5726CA71B1C707C00550DAF /* DirectControlViewController.h */,
				A5726CA81B1C707C00550DAF /* DirectControlViewController.m */,
				A57B45361B1A2B4500F461EE /* RobotCommander.h */,
				A57B45371B1A2B4500F461EE /* RobotCommander.m */,
				A545FB2D1B188A7F0095F9EE /* ViewController.xib */,
				A55BFABC1B186E350011296F /* Supporting Files */,
				A539F7731B19CED300630F15 /* Resources */,
			);
			path = RobotController;
			sourceTree = "<group>";
		};
		A55BFABC1B186E350011296F /* Supporting Files */ = {
			isa = PBXGroup;
			children = (
				A55BFAC91B186E350011296F /* Images.xcassets */,
				A55BFABD1B186E350011296F /* Info.plist */,
				A55BFABE1B186E350011296F /* main.m */,
			);
			name = "Supporting Files";
			sourceTree = "<group>";
		};
		A55BFAD51B186E360011296F /* RobotControllerTests */ = {
			isa = PBXGroup;
			children = (
				A55BFAD81B186E360011296F /* RobotControllerTests.m */,
				A55BFAD61B186E360011296F /* Supporting Files */,
			);
			path = RobotControllerTests;
			sourceTree = "<group>";
		};
		A55BFAD61B186E360011296F /* Supporting Files */ = {
			isa = PBXGroup;
			children = (
				A55BFAD71B186E360011296F /* Info.plist */,
			);
			name = "Supporting Files";
			sourceTree = "<group>";
		};
/* End PBXGroup section */

/* Begin PBXNativeTarget section */
		A55BFAB81B186E350011296F /* RobotController */ = {
			isa = PBXNativeTarget;
			buildConfigurationList = A55BFADC1B186E360011296F /* Build configuration list for PBXNativeTarget "RobotController" */;
			buildPhases = (
				A55BFAB51B186E350011296F /* Sources */,
				A55BFAB61B186E350011296F /* Frameworks */,
				A55BFAB71B186E350011296F /* Resources */,
			);
			buildRules = (
			);
			dependencies = (
			);
			name = RobotController;
			productName = RobotController;
			productReference = A55BFAB91B186E350011296F /* RobotController.app */;
			productType = "com.apple.product-type.application";
		};
/* End PBXNativeTarget section */

/* Begin PBXProject section */
		A55BFAB11B186E350011296F /* Project object */ = {
			isa = PBXProject;
			attributes = {
				LastUpgradeCheck = 0610;
				ORGANIZATIONNAME = Sergey;
				TargetAttributes = {
					A55BFAB81B186E350011296F = {
						CreatedOnToolsVersion = 6.1;
					};
				};
			};
			buildConfigurationList = A55BFAB41B186E350011296F /* Build configuration list for PBXProject "RobotController" */;
			compatibilityVersion = "Xcode 3.2";
			developmentRegion = English;
			hasScannedForEncodings = 0;
			knownRegions = (
				en,
				Base,
			);
			mainGroup = A55BFAB01B186E350011296F;
			productRefGroup = A55BFABA1B186E350011296F /* Products */;
			projectDirPath = "";
			projectRoot = "";
			targets = (
				A55BFAB81B186E350011296F /* RobotController */,
			);
		};
/* End PBXProject section */

/* Begin PBXResourcesBuildPhase section */
		A55BFAB71B186E350011296F /* Resources */ = {
			isa = PBXResourcesBuildPhase;
			buildActionMask = 2147483647;
			files = (
				A5726CA41B1C5EDA00550DAF /* backGrayAbstract@2x.png in Resources */,
				A5726CA21B1C5C8A00550DAF /* backMetalPerfored@2x.png in Resources */,
				A57B45341B1A1CB100F461EE /* power_button_off.png in Resources */,
				A539F7771B19CED300630F15 /* Default@2x.png in Resources */,
				A57B45351B1A1CB100F461EE /* power_button_on.png in Resources */,
				A5726CAB1B1C75E500550DAF /* closeButton@2x.png in Resources */,
				A545FB3C1B1896E20095F9EE /* joystick_seat.png in Resources */,
				A545FB2E1B188A7F0095F9EE /* ViewController.xib in Resources */,
				A545FB3F1B1897AD0095F9EE /* joystick_stick.png in Resources */,
				A539F7761B19CED300630F15 /* Default-568h@2x.png in Resources */,
				A55BFACA1B186E350011296F /* Images.xcassets in Resources */,
				A5726CA61B1C6ABA00550DAF /* settingsButton@2x.png in Resources */,
			);
			runOnlyForDeploymentPostprocessing = 0;
		};
/* End PBXResourcesBuildPhase section */

/* Begin PBXSourcesBuildPhase section */
		A55BFAB51B186E350011296F /* Sources */ = {
			isa = PBXSourcesBuildPhase;
			buildActionMask = 2147483647;
			files = (
				A55BFAC51B186E350011296F /* ViewController.m in Sources */,
				A57B45311B1A1C9E00F461EE /* PowerButton.m in Sources */,
				A55BFAC21B186E350011296F /* AppDelegate.m in Sources */,
				A5726CA91B1C707C00550DAF /* DirectControlViewController.m in Sources */,
				A57B45381B1A2B4500F461EE /* RobotCommander.m in Sources */,
				A545FB391B188F7A0095F9EE /* JoystickView.m in Sources */,
				A55BFABF1B186E350011296F /* main.m in Sources */,
				A545FB361B188F300095F9EE /* JoystickController.m in Sources */,
			);
			runOnlyForDeploymentPostprocessing = 0;
		};
/* End PBXSourcesBuildPhase section */

/* Begin XCBuildConfiguration section */
		A55BFADA1B186E360011296F /* Debug */ = {
			isa = XCBuildConfiguration;
			buildSettings = {
				ALWAYS_SEARCH_USER_PATHS = NO;
				CLANG_CXX_LANGUAGE_STANDARD = "gnu++0x";
				CLANG_CXX_LIBRARY = "libc++";
				CLANG_ENABLE_MODULES = YES;
				CLANG_ENABLE_OBJC_ARC = YES;
				CLANG_WARN_BOOL_CONVERSION = YES;
				CLANG_WARN_CONSTANT_CONVERSION = YES;
				CLANG_WARN_DIRECT_OBJC_ISA_USAGE = YES_ERROR;
				CLANG_WARN_EMPTY_BODY = YES;
				CLANG_WARN_ENUM_CONVERSION = YES;
				CLANG_WARN_INT_CONVERSION = YES;
				CLANG_WARN_OBJC_ROOT_CLASS = YES_ERROR;
				CLANG_WARN_UNREACHABLE_CODE = YES;
				CLANG_WARN__DUPLICATE_METHOD_MATCH = YES;
				"CODE_SIGN_IDENTITY[sdk=iphoneos*]" = "iPhone Developer";
				COPY_PHASE_STRIP = NO;
				ENABLE_STRICT_OBJC_MSGSEND = YES;
				GCC_C_LANGUAGE_STANDARD = gnu99;
				GCC_DYNAMIC_NO_PIC = NO;
				GCC_OPTIMIZATION_LEVEL = 0;
				GCC_PREPROCESSOR_DEFINITIONS = (
					"DEBUG=1",
					"$(inherited)",
				);
				GCC_SYMBOLS_PRIVATE_EXTERN = NO;
				GCC_WARN_64_TO_32_BIT_CONVERSION = YES;
				GCC_WARN_ABOUT_RETURN_TYPE = YES_ERROR;
				GCC_WARN_UNDECLARED_SELECTOR = YES;
				GCC_WARN_UNINITIALIZED_AUTOS = YES_AGGRESSIVE;
				GCC_WARN_UNUSED_FUNCTION = YES;
				GCC_WARN_UNUSED_VARIABLE = YES;
				IPHONEOS_DEPLOYMENT_TARGET = 8.1;
				MTL_ENABLE_DEBUG_INFO = YES;
				ONLY_ACTIVE_ARCH = YES;
				SDKROOT = iphoneos;
			};
			name = Debug;
		};
		A55BFADB1B186E360011296F /* Release */ = {
			isa = XCBuildConfiguration;
			buildSettings = {
				ALWAYS_SEARCH_USER_PATHS = NO;
				CLANG_CXX_LANGUAGE_STANDARD = "gnu++0x";
				CLANG_CXX_LIBRARY = "libc++";
				CLANG_ENABLE_MODULES = YES;
				CLANG_ENABLE_OBJC_ARC = YES;
				CLANG_WARN_BOOL_CONVERSION = YES;
				CLANG_WARN_CONSTANT_CONVERSION = YES;
				CLANG_WARN_DIRECT_OBJC_ISA_USAGE = YES_ERROR;
				CLANG_WARN_EMPTY_BODY = YES;
				CLANG_WARN_ENUM_CONVERSION = YES;
				CLANG_WARN_INT_CONVERSION = YES;
				CLANG_WARN_OBJC_ROOT_CLASS = YES_ERROR;
				CLANG_WARN_UNREACHABLE_CODE = YES;
				CLANG_WARN__DUPLICATE_METHOD_MATCH = YES;
				"CODE_SIGN_IDENTITY[sdk=iphoneos*]" = "iPhone Developer";
				COPY_PHASE_STRIP = YES;
				ENABLE_NS_ASSERTIONS = NO;
				ENABLE_STRICT_OBJC_MSGSEND = YES;
				GCC_C_LANGUAGE_STANDARD = gnu99;
				GCC_WARN_64_TO_32_BIT_CONVERSION = YES;
				GCC_WARN_ABOUT_RETURN_TYPE = YES_ERROR;
				GCC_WARN_UNDECLARED_SELECTOR = YES;
				GCC_WARN_UNINITIALIZED_AUTOS = YES_AGGRESSIVE;
				GCC_WARN_UNUSED_FUNCTION = YES;
				GCC_WARN_UNUSED_VARIABLE = YES;
				IPHONEOS_DEPLOYMENT_TARGET = 8.1;
				MTL_ENABLE_DEBUG_INFO = NO;
				SDKROOT = iphoneos;
				VALIDATE_PRODUCT = YES;
			};
			name = Release;
		};
		A55BFADD1B186E360011296F /* Debug */ = {
			isa = XCBuildConfiguration;
			buildSettings = {
				ASSETCATALOG_COMPILER_APPICON_NAME = AppIcon;
				INFOPLIST_FILE = RobotController/Info.plist;
				IPHONEOS_DEPLOYMENT_TARGET = 7.0;
				LD_RUNPATH_SEARCH_PATHS = "$(inherited) @executable_path/Frameworks";
				PRODUCT_NAME = "$(TARGET_NAME)";
				PROVISIONING_PROFILE = "69706c5b-12f4-499b-9ed4-3259f0f472d9";
			};
			name = Debug;
		};
		A55BFADE1B186E360011296F /* Release */ = {
			isa = XCBuildConfiguration;
			buildSettings = {
				ASSETCATALOG_COMPILER_APPICON_NAME = AppIcon;
				INFOPLIST_FILE = RobotController/Info.plist;
				IPHONEOS_DEPLOYMENT_TARGET = 7.0;
				LD_RUNPATH_SEARCH_PATHS = "$(inherited) @executable_path/Frameworks";
				PRODUCT_NAME = "$(TARGET_NAME)";
				PROVISIONING_PROFILE = "69706c5b-12f4-499b-9ed4-3259f0f472d9";
			};
			name = Release;
		};
/* End XCBuildConfiguration section */

/* Begin XCConfigurationList section */
		A55BFAB41B186E350011296F /* Build configuration list for PBXProject "RobotController" */ = {
			isa = XCConfigurationList;
			buildConfigurations = (
				A55BFADA1B186E360011296F /* Debug */,
				A55BFADB1B186E360011296F /* Release */,
			);
			defaultConfigurationIsVisible = 0;
			defaultConfigurationName = Release;
		};
		A55BFADC1B186E360011296F /* Build configuration list for PBXNativeTarget "RobotController" */ = {
			isa = XCConfigurationList;
			buildConfigurations = (
				A55BFADD1B186E360011296F /* Debug */,
				A55BFADE1B186E360011296F /* Release */,
			);
			defaultConfigurationIsVisible = 0;
			defaultConfigurationName = Release;
		};
/* End XCConfigurationList section */
	};
	rootObject = A55BFAB11B186E350011296F /* Project object */;
}
